// !$*UTF8*$!
{
	archiveVersion = 1;
	classes = {
	};
	objectVersion = 77;
	objects = {

/* Begin PBXBuildFile section */
		8A8109492F6F18CB00E5A952 /* CoreHaptics.framework in Frameworks */ = {isa = PBXBuildFile; fileRef = 8A8109482F6F18CB00E5A952 /* CoreHaptics.framework */; };
/* End PBXBuildFile section */

/* Begin PBXFileReference section */
		8A8109482F6F18CB00E5A952 /* CoreHaptics.framework */ = {isa = PBXFileReference; lastKnownFileType = wrapper.framework; name = CoreHaptics.framework; path = System/Library/Frameworks/CoreHaptics.framework; sourceTree = SDKROOT; };
		8A8184DE2F6C9DD500E5A952 /* JarBox.app */ = {isa = PBXFileReference; explicitFileType = wrapper.application; includeInIndex = 0; path = JarBox.app; sourceTree = BUILT_PRODUCTS_DIR; };
/* End PBXFileReference section */

/* Begin PBXFileSystemSynchronizedBuildFileExceptionSet section */
		8A8184F02F6C9DD600E5A952 /* Exceptions for "J2MEEmulator" folder in "J2MEEmulator" target */ = {
			isa = PBXFileSystemSynchronizedBuildFileExceptionSet;
			membershipExceptions = (
				NativeBridge/m3g/src/m3g_animationcontroller.c,
				NativeBridge/m3g/src/m3g_animationtrack.c,
				NativeBridge/m3g/src/m3g_appearance.c,
				NativeBridge/m3g/src/m3g_array.c,
				NativeBridge/m3g/src/m3g_background.c,
				NativeBridge/m3g/src/m3g_camera.c,
				NativeBridge/m3g/src/m3g_compositingmode.c,
				NativeBridge/m3g/src/m3g_fog.c,
				NativeBridge/m3g/src/m3g_group.c,
				NativeBridge/m3g/src/m3g_image.c,
				NativeBridge/m3g/src/m3g_indexbuffer.c,
				NativeBridge/m3g/src/m3g_interface.c,
				NativeBridge/m3g/src/m3g_keyframesequence.c,
				NativeBridge/m3g/src/m3g_light.c,
				NativeBridge/m3g/src/m3g_lightmanager.c,
				NativeBridge/m3g/src/m3g_loader.c,
				NativeBridge/m3g/src/m3g_material.c,
				NativeBridge/m3g/src/m3g_math.c,
				NativeBridge/m3g/src/m3g_memory.c,
				NativeBridge/m3g/src/m3g_mesh.c,
				NativeBridge/m3g/src/m3g_morphingmesh.c,
				NativeBridge/m3g/src/m3g_node.c,
				NativeBridge/m3g/src/m3g_object.c,
				NativeBridge/m3g/src/m3g_polygonmode.c,
				NativeBridge/m3g/src/m3g_rendercontext.c,
				NativeBridge/m3g/src/m3g_renderqueue.c,
				NativeBridge/m3g/src/m3g_skinnedmesh.c,
				NativeBridge/m3g/src/m3g_sprite.c,
				NativeBridge/m3g/src/m3g_tcache.c,
				NativeBridge/m3g/src/m3g_texture.c,
				NativeBridge/m3g/src/m3g_transformable.c,
				NativeBridge/m3g/src/m3g_vertexarray.c,
				NativeBridge/m3g/src/m3g_vertexbuffer.c,
				NativeBridge/m3g/src/m3g_world.c,
				Resources/jars/j2me_api.jar,
				Resources/jars/minijvm_rt.jar,
				SupportingFiles/Info.plist,
			);
			target = 8A8184DD2F6C9DD500E5A952 /* J2MEEmulator */;
		};
/* End PBXFileSystemSynchronizedBuildFileExceptionSet section */

/* Begin PBXFileSystemSynchronizedGroupBuildPhaseMembershipExceptionSet section */
		8A818C392F6CA20900E5A952 /* Exceptions for "J2MEEmulator" folder in "Copy Bundle Resources" phase from "J2MEEmulator" target */ = {
			isa = PBXFileSystemSynchronizedGroupBuildPhaseMembershipExceptionSet;
			buildPhase = 8A8184DC2F6C9DD500E5A952 /* Resources */;
			membershipExceptions = (
				Resources/jars/j2me_api.jar,
				Resources/jars/minijvm_rt.jar,
			);
		};
/* End PBXFileSystemSynchronizedGroupBuildPhaseMembershipExceptionSet section */

/* Begin PBXFileSystemSynchronizedRootGroup section */
		8A8184E02F6C9DD500E5A952 /* J2MEEmulator */ = {
			isa = PBXFileSystemSynchronizedRootGroup;
			exceptions = (
				8A8184F02F6C9DD600E5A952 /* Exceptions for "J2MEEmulator" folder in "J2MEEmulator" target */,
				8A818C392F6CA20900E5A952 /* Exceptions for "J2MEEmulator" folder in "Copy Bundle Resources" phase from "J2MEEmulator" target */,
			);
			path = J2MEEmulator;
			sourceTree = "<group>";
		};
		AA000001AAAA000000000001 /* j2me_api */ = {
			isa = PBXFileSystemSynchronizedRootGroup;
			path = j2me_api;
			sourceTree = "<group>";
		};
		AA000001AAAA000000000002 /* test_midlet */ = {
			isa = PBXFileSystemSynchronizedRootGroup;
			path = test_midlet;
			sourceTree = "<group>";
		};
/* End PBXFileSystemSynchronizedRootGroup section */

/* Begin PBXFrameworksBuildPhase section */
		8A8184DB2F6C9DD500E5A952 /* Frameworks */ = {
			isa = PBXFrameworksBuildPhase;
			buildActionMask = 2147483647;
			files = (
				8A8109492F6F18CB00E5A952 /* CoreHaptics.framework in Frameworks */,
			);
			runOnlyForDeploymentPostprocessing = 0;
		};
/* End PBXFrameworksBuildPhase section */

/* Begin PBXGroup section */
		8A8109472F6F18CA00E5A952 /* Frameworks */ = {
			isa = PBXGroup;
			children = (
				8A8109482F6F18CB00E5A952 /* CoreHaptics.framework */,
			);
			name = Frameworks;
			sourceTree = "<group>";
		};
		8A8184D52F6C9DD500E5A952 = {
			isa = PBXGroup;
			children = (
				8A8184E02F6C9DD500E5A952 /* J2MEEmulator */,
				AA000001AAAA000000000001 /* j2me_api */,
				AA000001AAAA000000000002 /* test_midlet */,
				8A8109472F6F18CA00E5A952 /* Frameworks */,
				8A8184DF2F6C9DD500E5A952 /* Products */,
			);
			sourceTree = "<group>";
		};
		8A8184DF2F6C9DD500E5A952 /* Products */ = {
			isa = PBXGroup;
			children = (
				8A8184DE2F6C9DD500E5A952 /* JarBox.app */,
			);
			name = Products;
			sourceTree = "<group>";
		};
/* End PBXGroup section */

/* Begin PBXNativeTarget section */
		8A8184DD2F6C9DD500E5A952 /* J2MEEmulator */ = {
			isa = PBXNativeTarget;
			buildConfigurationList = 8A8184F12F6C9DD600E5A952 /* Build configuration list for PBXNativeTarget "J2MEEmulator" */;
			buildPhases = (
				8A8184DA2F6C9DD500E5A952 /* Sources */,
				8A8184DB2F6C9DD500E5A952 /* Frameworks */,
				8A8184DC2F6C9DD500E5A952 /* Resources */,
			);
			buildRules = (
			);
			dependencies = (
			);
			fileSystemSynchronizedGroups = (
				8A8184E02F6C9DD500E5A952 /* J2MEEmulator */,
			);
			name = J2MEEmulator;
			packageProductDependencies = (
			);
			productName = J2MEEmulator;
			productReference = 8A8184DE2F6C9DD500E5A952 /* JarBox.app */;
			productType = "com.apple.product-type.application";
		};
/* End PBXNativeTarget section */

/* Begin PBXProject section */
		8A8184D62F6C9DD500E5A952 /* Project object */ = {
			isa = PBXProject;
			attributes = {
				BuildIndependentTargetsInParallel = 1;
				LastSwiftUpdateCheck = 2630;
				LastUpgradeCheck = 2630;
				TargetAttributes = {
					8A8184DD2F6C9DD500E5A952 = {
						CreatedOnToolsVersion = 26.3;
					};
				};
			};
			buildConfigurationList = 8A8184D92F6C9DD500E5A952 /* Build configuration list for PBXProject "J2MEEmulator" */;
			developmentRegion = en;
			hasScannedForEncodings = 0;
			knownRegions = (
				en,
				Base,
			);
			mainGroup = 8A8184D52F6C9DD500E5A952;
			minimizedProjectReferenceProxies = 1;
			preferredProjectObjectVersion = 77;
			productRefGroup = 8A8184DF2F6C9DD500E5A952 /* Products */;
			projectDirPath = "";
			projectRoot = "";
			targets = (
				8A8184DD2F6C9DD500E5A952 /* J2MEEmulator */,
			);
		};
/* End PBXProject section */

/* Begin PBXResourcesBuildPhase section */
		8A8184DC2F6C9DD500E5A952 /* Resources */ = {
			isa = PBXResourcesBuildPhase;
			buildActionMask = 2147483647;
			files = (
			);
			runOnlyForDeploymentPostprocessing = 0;
		};
/* End PBXResourcesBuildPhase section */

/* Begin PBXSourcesBuildPhase section */
		8A8184DA2F6C9DD500E5A952 /* Sources */ = {
			isa = PBXSourcesBuildPhase;
			buildActionMask = 2147483647;
			files = (
			);
			runOnlyForDeploymentPostprocessing = 0;
		};
/* End PBXSourcesBuildPhase section */

/* Begin XCBuildConfiguration section */
		8A8184F22F6C9DD600E5A952 /* Debug */ = {
			isa = XCBuildConfiguration;
			buildSettings = {
				ASSETCATALOG_COMPILER_APPICON_NAME = AppIcon;
				ASSETCATALOG_COMPILER_GLOBAL_ACCENT_COLOR_NAME = AccentColor;
				CODE_SIGN_STYLE = Automatic;
				CURRENT_PROJECT_VERSION = 1;
				DEVELOPMENT_TEAM = THQVTFXNX5;
				GCC_C_LANGUAGE_STANDARD = gnu11;
				GCC_WARN_INHIBIT_ALL_WARNINGS = YES;
				GENERATE_INFOPLIST_FILE = YES;
				HEADER_SEARCH_PATHS = (
					"$(SRCROOT)/J2MEEmulator/minijvm/jvm",
					"$(SRCROOT)/J2MEEmulator/minijvm/utils",
					"$(SRCROOT)/J2MEEmulator/minijvm/utils/sljit",
					"$(SRCROOT)/J2MEEmulator/minijvm/utils/https",
					"$(SRCROOT)/J2MEEmulator/minijvm/utils/https/mbedtls/include",
					"$(SRCROOT)/J2MEEmulator",
					"$(SRCROOT)/J2MEEmulator/NativeBridge/m3g/inc",
					"$(SRCROOT)/J2MEEmulator/NativeBridge/m3g",
				);
				INFOPLIST_FILE = J2MEEmulator/SupportingFiles/Info.plist;
				INFOPLIST_KEY_LSApplicationCategoryType = "public.app-category.entertainment";
				INFOPLIST_KEY_LSSupportsOpeningDocumentsInPlace = YES;
				INFOPLIST_KEY_UIApplicationSupportsIndirectInputEvents = YES;
				INFOPLIST_KEY_UILaunchStoryboardName = LaunchScreen;
				INFOPLIST_KEY_UIMainStoryboardFile = Main;
				INFOPLIST_KEY_UISupportedInterfaceOrientations_iPad = "UIInterfaceOrientationPortrait UIInterfaceOrientationPortraitUpsideDown UIInterfaceOrientationLandscapeLeft UIInterfaceOrientationLandscapeRight";
				INFOPLIST_KEY_UISupportedInterfaceOrientations_iPhone = "UIInterfaceOrientationPortrait UIInterfaceOrientationLandscapeLeft UIInterfaceOrientationLandscapeRight";
				INFOPLIST_KEY_UIUserInterfaceStyle = Dark;
				IPHONEOS_DEPLOYMENT_TARGET = 18.0;
				LD_RUNPATH_SEARCH_PATHS = (
					"$(inherited)",
					"@executable_path/Frameworks",
				);
				MARKETING_VERSION = 0.1.0;
				OTHER_CFLAGS = (
					"-Wno-implicit-function-declaration",
					"-DM3G_TARGET_GENERIC",
					"-DGLES_SILENCE_DEPRECATION",
					"-Wno-pointer-to-int-cast",
					"-Wno-int-to-void-pointer-cast",
					"-Wno-incompatible-pointer-types",
					"-Wno-int-conversion",
				);
				OTHER_LDFLAGS = "-ObjC";
				PRODUCT_BUNDLE_IDENTIFIER = "appstore.wp.ifresh.jar-box.app";
				PRODUCT_NAME = JarBox;
				STRING_CATALOG_GENERATE_SYMBOLS = YES;
				SUPPORTED_PLATFORMS = "iphoneos iphonesimulator";
				SUPPORTS_MACCATALYST = NO;
				SUPPORTS_MAC_DESIGNED_FOR_IPHONE_IPAD = NO;
				SUPPORTS_XR_DESIGNED_FOR_IPHONE_IPAD = NO;
				SWIFT_APPROACHABLE_CONCURRENCY = YES;
				SWIFT_DEFAULT_ACTOR_ISOLATION = MainActor;
				SWIFT_EMIT_LOC_STRINGS = YES;
				SWIFT_OBJC_BRIDGING_HEADER = "J2MEEmulator/SupportingFiles/J2MEEmulator-Bridging-Header.h";
				SWIFT_UPCOMING_FEATURE_MEMBER_IMPORT_VISIBILITY = YES;
				SWIFT_VERSION = 5.0;
				TARGETED_DEVICE_FAMILY = 1;
			};
			name = Debug;
		};
		8A8184F32F6C9DD600E5A952 /* Release */ = {
			isa = XCBuildConfiguration;
			buildSettings = {
				ASSETCATALOG_COMPILER_APPICON_NAME = AppIcon;
				ASSETCATALOG_COMPILER_GLOBAL_ACCENT_COLOR_NAME = AccentColor;
				CODE_SIGN_STYLE = Automatic;
				CURRENT_PROJECT_VERSION = 1;
				DEVELOPMENT_TEAM = THQVTFXNX5;
				GCC_C_LANGUAGE_STANDARD = gnu11;
				GCC_WARN_INHIBIT_ALL_WARNINGS = YES;
				GENERATE_INFOPLIST_FILE = YES;
				HEADER_SEARCH_PATHS = (
					"$(SRCROOT)/J2MEEmulator/minijvm/jvm",
					"$(SRCROOT)/J2MEEmulator/minijvm/utils",
					"$(SRCROOT)/J2MEEmulator/minijvm/utils/sljit",
					"$(SRCROOT)/J2MEEmulator/minijvm/utils/https",
					"$(SRCROOT)/J2MEEmulator/minijvm/utils/https/mbedtls/include",
					"$(SRCROOT)/J2MEEmulator",
					"$(SRCROOT)/J2MEEmulator/NativeBridge/m3g/inc",
					"$(SRCROOT)/J2MEEmulator/NativeBridge/m3g",
				);
				INFOPLIST_FILE = J2MEEmulator/SupportingFiles/Info.plist;
				INFOPLIST_KEY_LSApplicationCategoryType = "public.app-category.entertainment";
				INFOPLIST_KEY_LSSupportsOpeningDocumentsInPlace = YES;
				INFOPLIST_KEY_UIApplicationSupportsIndirectInputEvents = YES;
				INFOPLIST_KEY_UILaunchStoryboardName = LaunchScreen;
				INFOPLIST_KEY_UIMainStoryboardFile = Main;
				INFOPLIST_KEY_UISupportedInterfaceOrientations_iPad = "UIInterfaceOrientationPortrait UIInterfaceOrientationPortraitUpsideDown UIInterfaceOrientationLandscapeLeft UIInterfaceOrientationLandscapeRight";
				INFOPLIST_KEY_UISupportedInterfaceOrientations_iPhone = "UIInterfaceOrientationPortrait UIInterfaceOrientationLandscapeLeft UIInterfaceOrientationLandscapeRight";
				INFOPLIST_KEY_UIUserInterfaceStyle = Dark;
				IPHONEOS_DEPLOYMENT_TARGET = 18.0;
				LD_RUNPATH_SEARCH_PATHS = (
					"$(inherited)",
					"@executable_path/Frameworks",
				);
				MARKETING_VERSION = 0.1.0;
				OTHER_CFLAGS = (
					"-Wno-implicit-function-declaration",
					"-DM3G_TARGET_GENERIC",
					"-DGLES_SILENCE_DEPRECATION",
					"-Wno-pointer-to-int-cast",
					"-Wno-int-to-void-pointer-cast",
					"-Wno-incompatible-pointer-types",
					"-Wno-int-conversion",
				);
				OTHER_LDFLAGS = "-ObjC";
				PRODUCT_BUNDLE_IDENTIFIER = "appstore.wp.ifresh.jar-box.app";
				PRODUCT_NAME = JarBox;
				STRING_CATALOG_GENERATE_SYMBOLS = YES;
				SUPPORTED_PLATFORMS = "iphoneos iphonesimulator";
				SUPPORTS_MACCATALYST = NO;
				SUPPORTS_MAC_DESIGNED_FOR_IPHONE_IPAD = NO;
				SUPPORTS_XR_DESIGNED_FOR_IPHONE_IPAD = NO;
				SWIFT_APPROACHABLE_CONCURRENCY = YES;
				SWIFT_DEFAULT_ACTOR_ISOLATION = MainActor;
				SWIFT_EMIT_LOC_STRINGS = YES;
				SWIFT_OBJC_BRIDGING_HEADER = "J2MEEmulator/SupportingFiles/J2MEEmulator-Bridging-Header.h";
				SWIFT_UPCOMING_FEATURE_MEMBER_IMPORT_VISIBILITY = YES;
				SWIFT_VERSION = 5.0;
				TARGETED_DEVICE_FAMILY = 1;
			};
			name = Release;
		};
		8A8184F42F6C9DD600E5A952 /* Debug */ = {
			isa = XCBuildConfiguration;
			buildSettings = {
				ALWAYS_SEARCH_USER_PATHS = NO;
				ASSETCATALOG_COMPILER_GENERATE_SWIFT_ASSET_SYMBOL_EXTENSIONS = YES;
				CLANG_ANALYZER_NONNULL = YES;
				CLANG_ANALYZER_NUMBER_OBJECT_CONVERSION = YES_AGGRESSIVE;
				CLANG_CXX_LANGUAGE_STANDARD = "gnu++20";
				CLANG_ENABLE_MODULES = YES;
				CLANG_ENABLE_OBJC_ARC = YES;
				CLANG_ENABLE_OBJC_WEAK = YES;
				CLANG_WARN_BLOCK_CAPTURE_AUTORELEASING = YES;
				CLANG_WARN_BOOL_CONVERSION = YES;
				CLANG_WARN_COMMA = YES;
				CLANG_WARN_CONSTANT_CONVERSION = YES;
				CLANG_WARN_DEPRECATED_OBJC_IMPLEMENTATIONS = YES;
				CLANG_WARN_DIRECT_OBJC_ISA_USAGE = YES_ERROR;
				CLANG_WARN_DOCUMENTATION_COMMENTS = YES;
				CLANG_WARN_EMPTY_BODY = YES;
				CLANG_WARN_ENUM_CONVERSION = YES;
				CLANG_WARN_INFINITE_RECURSION = YES;
				CLANG_WARN_INT_CONVERSION = YES;
				CLANG_WARN_NON_LITERAL_NULL_CONVERSION = YES;
				CLANG_WARN_OBJC_IMPLICIT_RETAIN_SELF = YES;
				CLANG_WARN_OBJC_LITERAL_CONVERSION = YES;
				CLANG_WARN_OBJC_ROOT_CLASS = YES_ERROR;
				CLANG_WARN_QUOTED_INCLUDE_IN_FRAMEWORK_HEADER = YES;
				CLANG_WARN_RANGE_LOOP_ANALYSIS = YES;
				CLANG_WARN_STRICT_PROTOTYPES = YES;
				CLANG_WARN_SUSPICIOUS_MOVE = YES;
				CLANG_WARN_UNGUARDED_AVAILABILITY = YES_AGGRESSIVE;
				CLANG_WARN_UNREACHABLE_CODE = YES;
				CLANG_WARN__DUPLICATE_METHOD_MATCH = YES;
				COPY_PHASE_STRIP = NO;
				DEBUG_INFORMATION_FORMAT = dwarf;
				DEVELOPMENT_TEAM = 864LF4QUVH;
				ENABLE_STRICT_OBJC_MSGSEND = YES;
				ENABLE_TESTABILITY = YES;
				ENABLE_USER_SCRIPT_SANDBOXING = YES;
				GCC_C_LANGUAGE_STANDARD = gnu17;
				GCC_DYNAMIC_NO_PIC = NO;
				GCC_NO_COMMON_BLOCKS = YES;
				GCC_OPTIMIZATION_LEVEL = 0;
				GCC_PREPROCESSOR_DEFINITIONS = (
					"DEBUG=1",
					"$(inherited)",
				);
				GCC_WARN_64_TO_32_BIT_CONVERSION = YES;
				GCC_WARN_ABOUT_RETURN_TYPE = YES_ERROR;
				GCC_WARN_UNDECLARED_SELECTOR = YES;
				GCC_WARN_UNINITIALIZED_AUTOS = YES_AGGRESSIVE;
				GCC_WARN_UNUSED_FUNCTION = YES;
				GCC_WARN_UNUSED_VARIABLE = YES;
				IPHONEOS_DEPLOYMENT_TARGET = 26.2;
				LOCALIZATION_PREFERS_STRING_CATALOGS = YES;
				MTL_ENABLE_DEBUG_INFO = INCLUDE_SOURCE;
				MTL_FAST_MATH = YES;
				ONLY_ACTIVE_ARCH = YES;
				SDKROOT = iphoneos;
				SWIFT_ACTIVE_COMPILATION_CONDITIONS = "DEBUG $(inherited)";
				SWIFT_OPTIMIZATION_LEVEL = "-Onone";
			};
			name = Debug;
		};
		8A8184F52F6C9DD600E5A952 /* Release */ = {
			isa = XCBuildConfiguration;
			buildSettings = {
				ALWAYS_SEARCH_USER_PATHS = NO;
				ASSETCATALOG_COMPILER_GENERATE_SWIFT_ASSET_SYMBOL_EXTENSIONS = YES;
				CLANG_ANALYZER_NONNULL = YES;
				CLANG_ANALYZER_NUMBER_OBJECT_CONVERSION = YES_AGGRESSIVE;
				CLANG_CXX_LANGUAGE_STANDARD = "gnu++20";
				CLANG_ENABLE_MODULES = YES;
				CLANG_ENABLE_OBJC_ARC = YES;
				CLANG_ENABLE_OBJC_WEAK = YES;
				CLANG_WARN_BLOCK_CAPTURE_AUTORELEASING = YES;
				CLANG_WARN_BOOL_CONVERSION = YES;
				CLANG_WARN_COMMA = YES;
				CLANG_WARN_CONSTANT_CONVERSION = YES;
				CLANG_WARN_DEPRECATED_OBJC_IMPLEMENTATIONS = YES;
				CLANG_WARN_DIRECT_OBJC_ISA_USAGE = YES_ERROR;
				CLANG_WARN_DOCUMENTATION_COMMENTS = YES;
				CLANG_WARN_EMPTY_BODY = YES;
				CLANG_WARN_ENUM_CONVERSION = YES;
				CLANG_WARN_INFINITE_RECURSION = YES;
				CLANG_WARN_INT_CONVERSION = YES;
				CLANG_WARN_NON_LITERAL_NULL_CONVERSION = YES;
				CLANG_WARN_OBJC_IMPLICIT_RETAIN_SELF = YES;
				CLANG_WARN_OBJC_LITERAL_CONVERSION = YES;
				CLANG_WARN_OBJC_ROOT_CLASS = YES_ERROR;
				CLANG_WARN_QUOTED_INCLUDE_IN_FRAMEWORK_HEADER = YES;
				CLANG_WARN_RANGE_LOOP_ANALYSIS = YES;
				CLANG_WARN_STRICT_PROTOTYPES = YES;
				CLANG_WARN_SUSPICIOUS_MOVE = YES;
				CLANG_WARN_UNGUARDED_AVAILABILITY = YES_AGGRESSIVE;
				CLANG_WARN_UNREACHABLE_CODE = YES;
				CLANG_WARN__DUPLICATE_METHOD_MATCH = YES;
				COPY_PHASE_STRIP = NO;
				DEBUG_INFORMATION_FORMAT = "dwarf-with-dsym";
				DEVELOPMENT_TEAM = 864LF4QUVH;
				ENABLE_NS_ASSERTIONS = NO;
				ENABLE_STRICT_OBJC_MSGSEND = YES;
				ENABLE_USER_SCRIPT_SANDBOXING = YES;
				GCC_C_LANGUAGE_STANDARD = gnu17;
				GCC_NO_COMMON_BLOCKS = YES;
				GCC_WARN_64_TO_32_BIT_CONVERSION = YES;
				GCC_WARN_ABOUT_RETURN_TYPE = YES_ERROR;
				GCC_WARN_UNDECLARED_SELECTOR = YES;
				GCC_WARN_UNINITIALIZED_AUTOS = YES_AGGRESSIVE;
				GCC_WARN_UNUSED_FUNCTION = YES;
				GCC_WARN_UNUSED_VARIABLE = YES;
				IPHONEOS_DEPLOYMENT_TARGET = 26.2;
				LOCALIZATION_PREFERS_STRING_CATALOGS = YES;
				MTL_ENABLE_DEBUG_INFO = NO;
				MTL_FAST_MATH = YES;
				SDKROOT = iphoneos;
				SWIFT_COMPILATION_MODE = wholemodule;
				VALIDATE_PRODUCT = YES;
			};
			name = Release;
		};
/* End XCBuildConfiguration section */

/* Begin XCConfigurationList section */
		8A8184D92F6C9DD500E5A952 /* Build configuration list for PBXProject "J2MEEmulator" */ = {
			isa = XCConfigurationList;
			buildConfigurations = (
				8A8184F42F6C9DD600E5A952 /* Debug */,
				8A8184F52F6C9DD600E5A952 /* Release */,
			);
			defaultConfigurationIsVisible = 0;
			defaultConfigurationName = Release;
		};
		8A8184F12F6C9DD600E5A952 /* Build configuration list for PBXNativeTarget "J2MEEmulator" */ = {
			isa = XCConfigurationList;
			buildConfigurations = (
				8A8184F22F6C9DD600E5A952 /* Debug */,
				8A8184F32F6C9DD600E5A952 /* Release */,
			);
			defaultConfigurationIsVisible = 0;
			defaultConfigurationName = Release;
		};
/* End XCConfigurationList section */
	};
	rootObject = 8A8184D62F6C9DD500E5A952 /* Project object */;
}
